{
  "requires": true,
  "lockfileVersion": 1,
  "dependencies": {
    "browserslist": {
      "version": "4.13.0",
      "resolved": "https://registry.npmjs.org/browserslist/-/browserslist-4.13.0.tgz",
      "integrity": "sha512-MINatJ5ZNrLnQ6blGvePd/QOz9Xtu+Ne+x29iQSCHfkU5BugKVJwZKn/iiL8UbpIpa3JhviKjz+XxMo0m2caFQ==",
      "requires": {
        "caniuse-lite": "^1.0.30001093",
        "electron-to-chromium": "^1.3.488",
        "escalade": "^3.0.1",
        "node-releases": "^1.1.58"
      }
    },
    "caniuse-lite": {
      "version": "1.0.30001109",
      "resolved": "https://registry.npmjs.org/caniuse-lite/-/caniuse-lite-1.0.30001109.tgz",
      "integrity": "sha512-4JIXRodHzdS3HdK8nSgIqXYLExOvG+D2/EenSvcub2Kp3QEADjo2v2oUn5g0n0D+UNwG9BtwKOyGcSq2qvQXvQ=="
    },
    "electron-to-chromium": {
      "version": "1.3.516",
      "resolved": "https://registry.npmjs.org/electron-to-chromium/-/electron-to-chromium-1.3.516.tgz",
      "integrity": "sha512-WDM5AAQdOrvLqSX8g3Zd5AujBXfMxf96oeZkff0U2HF5op3tjShE+on2yay3r1UD4M9I3p0iHpAS4+yV8U8A9A=="
    },
    "escalade": {
      "version": "3.0.2",
      "resolved": "https://registry.npmjs.org/escalade/-/escalade-3.0.2.tgz",
      "integrity": "sha512-gPYAU37hYCUhW5euPeR+Y74F7BL+IBsV93j5cvGriSaD1aG6MGsqsV1yamRdrWrb2j3aiZvb0X+UBOWpx3JWtQ=="
    },
    "node-releases": {
      "version": "1.1.60",
      "resolved": "https://registry.npmjs.org/node-releases/-/node-releases-1.1.60.tgz",
      "integrity": "sha512-gsO4vjEdQaTusZAEebUWp2a5d7dF5DYoIpDG7WySnk7BuZDW+GPpHXoXXuYawRBr/9t5q54tirPz79kFIWg4dA=="
    }
  }
}
